// !$*UTF8*$!
{
	archiveVersion = 1;
	classes = {
	};
	objectVersion = 56;
	objects = {

/* Begin PBXBuildFile section */
		8B9492DA2A8E235E00FF6404 /* AppDelegate.swift in Sources */ = {isa = PBXBuildFile; fileRef = 8B9492D92A8E235E00FF6404 /* AppDelegate.swift */; };
		8B9492DC2A8E235E00FF6404 /* SceneDelegate.swift in Sources */ = {isa = PBXBuildFile; fileRef = 8B9492DB2A8E235E00FF6404 /* SceneDelegate.swift */; };
		8B9492DE2A8E235E00FF6404 /* ViewController.swift in Sources */ = {isa = PBXBuildFile; fileRef = 8B9492DD2A8E235E00FF6404 /* ViewController.swift */; };
		8B9492E12A8E235E00FF6404 /* Main.storyboard in Resources */ = {isa = PBXBuildFile; fileRef = 8B9492DF2A8E235E00FF6404 /* Main.storyboard */; };
		8B9492E42A8E235E00FF6404 /* Nuguni.xcdatamodeld in Sources */ = {isa = PBXBuildFile; fileRef = 8B9492E22A8E235E00FF6404 /* Nuguni.xcdatamodeld */; };
		8B9492E62A8E235F00FF6404 /* Assets.xcassets in Resources */ = {isa = PBXBuildFile; fileRef = 8B9492E52A8E235F00FF6404 /* Assets.xcassets */; };
		8B9492E92A8E235F00FF6404 /* LaunchScreen.storyboard in Resources */ = {isa = PBXBuildFile; fileRef = 8B9492E72A8E235F00FF6404 /* LaunchScreen.storyboard */; };
		8B9492F62A8E44D000FF6404 /* Test.swift in Sources */ = {isa = PBXBuildFile; fileRef = 8B9492F52A8E44D000FF6404 /* Test.swift */; };
		8B9492F92A8E45B300FF6404 /* PersonInfoCell.swift in Sources */ = {isa = PBXBuildFile; fileRef = 8B9492F72A8E45B300FF6404 /* PersonInfoCell.swift */; };
		8B9492FA2A8E45B300FF6404 /* PersonInfoCell.xib in Resources */ = {isa = PBXBuildFile; fileRef = 8B9492F82A8E45B300FF6404 /* PersonInfoCell.xib */; };
		8B9493032A8E684200FF6404 /* PhoneInfoCell.swift in Sources */ = {isa = PBXBuildFile; fileRef = 8B9493012A8E684200FF6404 /* PhoneInfoCell.swift */; };
		8B9493042A8E684200FF6404 /* PhoneInfoCell.xib in Resources */ = {isa = PBXBuildFile; fileRef = 8B9493022A8E684200FF6404 /* PhoneInfoCell.xib */; };
		8B9493062A8E7E4800FF6404 /* PressButton.swift in Sources */ = {isa = PBXBuildFile; fileRef = 8B9493052A8E7E4800FF6404 /* PressButton.swift */; };
/* End PBXBuildFile section */

/* Begin PBXFileReference section */
		8B9492D62A8E235E00FF6404 /* Nuguni.app */ = {isa = PBXFileReference; explicitFileType = wrapper.application; includeInIndex = 0; path = Nuguni.app; sourceTree = BUILT_PRODUCTS_DIR; };
		8B9492D92A8E235E00FF6404 /* AppDelegate.swift */ = {isa = PBXFileReference; lastKnownFileType = sourcecode.swift; path = AppDelegate.swift; sourceTree = "<group>"; };
		8B9492DB2A8E235E00FF6404 /* SceneDelegate.swift */ = {isa = PBXFileReference; lastKnownFileType = sourcecode.swift; path = SceneDelegate.swift; sourceTree = "<group>"; };
		8B9492DD2A8E235E00FF6404 /* ViewController.swift */ = {isa = PBXFileReference; lastKnownFileType = sourcecode.swift; path = ViewController.swift; sourceTree = "<group>"; };
		8B9492E02A8E235E00FF6404 /* Base */ = {isa = PBXFileReference; lastKnownFileType = file.storyboard; name = Base; path = Base.lproj/Main.storyboard; sourceTree = "<group>"; };
		8B9492E32A8E235E00FF6404 /* Nuguni.xcdatamodel */ = {isa = PBXFileReference; lastKnownFileType = wrapper.xcdatamodel; path = Nuguni.xcdatamodel; sourceTree = "<group>"; };
		8B9492E52A8E235F00FF6404 /* Assets.xcassets */ = {isa = PBXFileReference; lastKnownFileType = folder.assetcatalog; path = Assets.xcassets; sourceTree = "<group>"; };
		8B9492E82A8E235F00FF6404 /* Base */ = {isa = PBXFileReference; lastKnownFileType = file.storyboard; name = Base; path = Base.lproj/LaunchScreen.storyboard; sourceTree = "<group>"; };
		8B9492EA2A8E235F00FF6404 /* Info.plist */ = {isa = PBXFileReference; lastKnownFileType = text.plist.xml; path = Info.plist; sourceTree = "<group>"; };
		8B9492F52A8E44D000FF6404 /* Test.swift */ = {isa = PBXFileReference; lastKnownFileType = sourcecode.swift; path = Test.swift; sourceTree = "<group>"; };
		8B9492F72A8E45B300FF6404 /* PersonInfoCell.swift */ = {isa = PBXFileReference; lastKnownFileType = sourcecode.swift; path = PersonInfoCell.swift; sourceTree = "<group>"; };
		8B9492F82A8E45B300FF6404 /* PersonInfoCell.xib */ = {isa = PBXFileReference; lastKnownFileType = file.xib; path = PersonInfoCell.xib; sourceTree = "<group>"; };
		8B9493012A8E684200FF6404 /* PhoneInfoCell.swift */ = {isa = PBXFileReference; lastKnownFileType = sourcecode.swift; path = PhoneInfoCell.swift; sourceTree = "<group>"; };
		8B9493022A8E684200FF6404 /* PhoneInfoCell.xib */ = {isa = PBXFileReference; lastKnownFileType = file.xib; path = PhoneInfoCell.xib; sourceTree = "<group>"; };
		8B9493052A8E7E4800FF6404 /* PressButton.swift */ = {isa = PBXFileReference; lastKnownFileType = sourcecode.swift; path = PressButton.swift; sourceTree = "<group>"; };
/* End PBXFileReference section */

/* Begin PBXFrameworksBuildPhase section */
		8B9492D32A8E235E00FF6404 /* Frameworks */ = {
			isa = PBXFrameworksBuildPhase;
			buildActionMask = 2147483647;
			files = (
			);
			runOnlyForDeploymentPostprocessing = 0;
		};
/* End PBXFrameworksBuildPhase section */

/* Begin PBXGroup section */
		8B9492CD2A8E235E00FF6404 = {
			isa = PBXGroup;
			children = (
				8B9492D82A8E235E00FF6404 /* Nuguni */,
				8B9492D72A8E235E00FF6404 /* Products */,
			);
			sourceTree = "<group>";
		};
		8B9492D72A8E235E00FF6404 /* Products */ = {
			isa = PBXGroup;
			children = (
				8B9492D62A8E235E00FF6404 /* Nuguni.app */,
			);
			name = Products;
			sourceTree = "<group>";
		};
		8B9492D82A8E235E00FF6404 /* Nuguni */ = {
			isa = PBXGroup;
			children = (
				8B9492D92A8E235E00FF6404 /* AppDelegate.swift */,
				8B9492DB2A8E235E00FF6404 /* SceneDelegate.swift */,
				8B9492F02A8E2D1100FF6404 /* View */,
				8B9492E52A8E235F00FF6404 /* Assets.xcassets */,
				8B9492E72A8E235F00FF6404 /* LaunchScreen.storyboard */,
				8B9492EA2A8E235F00FF6404 /* Info.plist */,
				8B9492E22A8E235E00FF6404 /* Nuguni.xcdatamodeld */,
				8B9492F52A8E44D000FF6404 /* Test.swift */,
			);
			path = Nuguni;
			sourceTree = "<group>";
		};
		8B9492F02A8E2D1100FF6404 /* View */ = {
			isa = PBXGroup;
			children = (
				8B9492DF2A8E235E00FF6404 /* Main.storyboard */,
				8B9492DD2A8E235E00FF6404 /* ViewController.swift */,
				8B9492F72A8E45B300FF6404 /* PersonInfoCell.swift */,
				8B9493012A8E684200FF6404 /* PhoneInfoCell.swift */,
				8B9493052A8E7E4800FF6404 /* PressButton.swift */,
				8B9493022A8E684200FF6404 /* PhoneInfoCell.xib */,
				8B9492F82A8E45B300FF6404 /* PersonInfoCell.xib */,
			);
			path = View;
			sourceTree = "<group>";
		};
/* End PBXGroup section */

/* Begin PBXNativeTarget section */
		8B9492D52A8E235E00FF6404 /* Nuguni */ = {
			isa = PBXNativeTarget;
			buildConfigurationList = 8B9492ED2A8E235F00FF6404 /* Build configuration list for PBXNativeTarget "Nuguni" */;
			buildPhases = (
				8B9492D22A8E235E00FF6404 /* Sources */,
				8B9492D32A8E235E00FF6404 /* Frameworks */,
				8B9492D42A8E235E00FF6404 /* Resources */,
			);
			buildRules = (
			);
			dependencies = (
			);
			name = Nuguni;
			productName = Nuguni;
			productReference = 8B9492D62A8E235E00FF6404 /* Nuguni.app */;
			productType = "com.apple.product-type.application";
		};
/* End PBXNativeTarget section */

/* Begin PBXProject section */
		8B9492CE2A8E235E00FF6404 /* Project object */ = {
			isa = PBXProject;
			attributes = {
				BuildIndependentTargetsInParallel = 1;
				LastSwiftUpdateCheck = 1430;
				LastUpgradeCheck = 1430;
				TargetAttributes = {
					8B9492D52A8E235E00FF6404 = {
						CreatedOnToolsVersion = 14.3.1;
					};
				};
			};
			buildConfigurationList = 8B9492D12A8E235E00FF6404 /* Build configuration list for PBXProject "Nuguni" */;
			compatibilityVersion = "Xcode 14.0";
			developmentRegion = en;
			hasScannedForEncodings = 0;
			knownRegions = (
				en,
				Base,
			);
			mainGroup = 8B9492CD2A8E235E00FF6404;
			productRefGroup = 8B9492D72A8E235E00FF6404 /* Products */;
			projectDirPath = "";
			projectRoot = "";
			targets = (
				8B9492D52A8E235E00FF6404 /* Nuguni */,
			);
		};
/* End PBXProject section */

/* Begin PBXResourcesBuildPhase section */
		8B9492D42A8E235E00FF6404 /* Resources */ = {
			isa = PBXResourcesBuildPhase;
			buildActionMask = 2147483647;
			files = (
				8B9492E92A8E235F00FF6404 /* LaunchScreen.storyboard in Resources */,
				8B9493042A8E684200FF6404 /* PhoneInfoCell.xib in Resources */,
				8B9492E62A8E235F00FF6404 /* Assets.xcassets in Resources */,
				8B9492FA2A8E45B300FF6404 /* PersonInfoCell.xib in Resources */,
				8B9492E12A8E235E00FF6404 /* Main.storyboard in Resources */,
			);
			runOnlyForDeploymentPostprocessing = 0;
		};
/* End PBXResourcesBuildPhase section */

/* Begin PBXSourcesBuildPhase section */
		8B9492D22A8E235E00FF6404 /* Sources */ = {
			isa = PBXSourcesBuildPhase;
			buildActionMask = 2147483647;
			files = (
				8B9493032A8E684200FF6404 /* PhoneInfoCell.swift in Sources */,
				8B9492F92A8E45B300FF6404 /* PersonInfoCell.swift in Sources */,
				8B9492DE2A8E235E00FF6404 /* ViewController.swift in Sources */,
				8B9492E42A8E235E00FF6404 /* Nuguni.xcdatamodeld in Sources */,
				8B9492DA2A8E235E00FF6404 /* AppDelegate.swift in Sources */,
				8B9493062A8E7E4800FF6404 /* PressButton.swift in Sources */,
				8B9492DC2A8E235E00FF6404 /* SceneDelegate.swift in Sources */,
				8B9492F62A8E44D000FF6404 /* Test.swift in Sources */,
			);
			runOnlyForDeploymentPostprocessing = 0;
		};
/* End PBXSourcesBuildPhase section */

/* Begin PBXVariantGroup section */
		8B9492DF2A8E235E00FF6404 /* Main.storyboard */ = {
			isa = PBXVariantGroup;
			children = (
				8B9492E02A8E235E00FF6404 /* Base */,
			);
			name = Main.storyboard;
			sourceTree = "<group>";
		};
		8B9492E72A8E235F00FF6404 /* LaunchScreen.storyboard */ = {
			isa = PBXVariantGroup;
			children = (
				8B9492E82A8E235F00FF6404 /* Base */,
			);
			name = LaunchScreen.storyboard;
			sourceTree = "<group>";
		};
/* End PBXVariantGroup section */

/* Begin XCBuildConfiguration section */
		8B9492EB2A8E235F00FF6404 /* Debug */ = {
			isa = XCBuildConfiguration;
			buildSettings = {
				ALWAYS_SEARCH_USER_PATHS = NO;
				CLANG_ANALYZER_NONNULL = YES;
				CLANG_ANALYZER_NUMBER_OBJECT_CONVERSION = YES_AGGRESSIVE;
				CLANG_CXX_LANGUAGE_STANDARD = "gnu++20";
				CLANG_ENABLE_MODULES = YES;
				CLANG_ENABLE_OBJC_ARC = YES;
				CLANG_ENABLE_OBJC_WEAK = YES;
				CLANG_WARN_BLOCK_CAPTURE_AUTORELEASING = YES;
				CLANG_WARN_BOOL_CONVERSION = YES;
				CLANG_WARN_COMMA = YES;
				CLANG_WARN_CONSTANT_CONVERSION = YES;
				CLANG_WARN_DEPRECATED_OBJC_IMPLEMENTATIONS = YES;
				CLANG_WARN_DIRECT_OBJC_ISA_USAGE = YES_ERROR;
				CLANG_WARN_DOCUMENTATION_COMMENTS = YES;
				CLANG_WARN_EMPTY_BODY = YES;
				CLANG_WARN_ENUM_CONVERSION = YES;
				CLANG_WARN_INFINITE_RECURSION = YES;
				CLANG_WARN_INT_CONVERSION = YES;
				CLANG_WARN_NON_LITERAL_NULL_CONVERSION = YES;
				CLANG_WARN_OBJC_IMPLICIT_RETAIN_SELF = YES;
				CLANG_WARN_OBJC_LITERAL_CONVERSION = YES;
				CLANG_WARN_OBJC_ROOT_CLASS = YES_ERROR;
				CLANG_WARN_QUOTED_INCLUDE_IN_FRAMEWORK_HEADER = YES;
				CLANG_WARN_RANGE_LOOP_ANALYSIS = YES;
				CLANG_WARN_STRICT_PROTOTYPES = YES;
				CLANG_WARN_SUSPICIOUS_MOVE = YES;
				CLANG_WARN_UNGUARDED_AVAILABILITY = YES_AGGRESSIVE;
				CLANG_WARN_UNREACHABLE_CODE = YES;
				CLANG_WARN__DUPLICATE_METHOD_MATCH = YES;
				COPY_PHASE_STRIP = NO;
				DEBUG_INFORMATION_FORMAT = dwarf;
				ENABLE_STRICT_OBJC_MSGSEND = YES;
				ENABLE_TESTABILITY = YES;
				GCC_C_LANGUAGE_STANDARD = gnu11;
				GCC_DYNAMIC_NO_PIC = NO;
				GCC_NO_COMMON_BLOCKS = YES;
				GCC_OPTIMIZATION_LEVEL = 0;
				GCC_PREPROCESSOR_DEFINITIONS = (
					"DEBUG=1",
					"$(inherited)",
				);
				GCC_WARN_64_TO_32_BIT_CONVERSION = YES;
				GCC_WARN_ABOUT_RETURN_TYPE = YES_ERROR;
				GCC_WARN_UNDECLARED_SELECTOR = YES;
				GCC_WARN_UNINITIALIZED_AUTOS = YES_AGGRESSIVE;
				GCC_WARN_UNUSED_FUNCTION = YES;
				GCC_WARN_UNUSED_VARIABLE = YES;
				IPHONEOS_DEPLOYMENT_TARGET = 16.4;
				MTL_ENABLE_DEBUG_INFO = INCLUDE_SOURCE;
				MTL_FAST_MATH = YES;
				ONLY_ACTIVE_ARCH = YES;
				SDKROOT = iphoneos;
				SWIFT_ACTIVE_COMPILATION_CONDITIONS = DEBUG;
				SWIFT_OPTIMIZATION_LEVEL = "-Onone";
			};
			name = Debug;
		};
		8B9492EC2A8E235F00FF6404 /* Release */ = {
			isa = XCBuildConfiguration;
			buildSettings = {
				ALWAYS_SEARCH_USER_PATHS = NO;
				CLANG_ANALYZER_NONNULL = YES;
				CLANG_ANALYZER_NUMBER_OBJECT_CONVERSION = YES_AGGRESSIVE;
				CLANG_CXX_LANGUAGE_STANDARD = "gnu++20";
				CLANG_ENABLE_MODULES = YES;
				CLANG_ENABLE_OBJC_ARC = YES;
				CLANG_ENABLE_OBJC_WEAK = YES;
				CLANG_WARN_BLOCK_CAPTURE_AUTORELEASING = YES;
				CLANG_WARN_BOOL_CONVERSION = YES;
				CLANG_WARN_COMMA = YES;
				CLANG_WARN_CONSTANT_CONVERSION = YES;
				CLANG_WARN_DEPRECATED_OBJC_IMPLEMENTATIONS = YES;
				CLANG_WARN_DIRECT_OBJC_ISA_USAGE = YES_ERROR;
				CLANG_WARN_DOCUMENTATION_COMMENTS = YES;
				CLANG_WARN_EMPTY_BODY = YES;
				CLANG_WARN_ENUM_CONVERSION = YES;
				CLANG_WARN_INFINITE_RECURSION = YES;
				CLANG_WARN_INT_CONVERSION = YES;
				CLANG_WARN_NON_LITERAL_NULL_CONVERSION = YES;
				CLANG_WARN_OBJC_IMPLICIT_RETAIN_SELF = YES;
				CLANG_WARN_OBJC_LITERAL_CONVERSION = YES;
				CLANG_WARN_OBJC_ROOT_CLASS = YES_ERROR;
				CLANG_WARN_QUOTED_INCLUDE_IN_FRAMEWORK_HEADER = YES;
				CLANG_WARN_RANGE_LOOP_ANALYSIS = YES;
				CLANG_WARN_STRICT_PROTOTYPES = YES;
				CLANG_WARN_SUSPICIOUS_MOVE = YES;
				CLANG_WARN_UNGUARDED_AVAILABILITY = YES_AGGRESSIVE;
				CLANG_WARN_UNREACHABLE_CODE = YES;
				CLANG_WARN__DUPLICATE_METHOD_MATCH = YES;
				COPY_PHASE_STRIP = NO;
				DEBUG_INFORMATION_FORMAT = "dwarf-with-dsym";
				ENABLE_NS_ASSERTIONS = NO;
				ENABLE_STRICT_OBJC_MSGSEND = YES;
				GCC_C_LANGUAGE_STANDARD = gnu11;
				GCC_NO_COMMON_BLOCKS = YES;
				GCC_WARN_64_TO_32_BIT_CONVERSION = YES;
				GCC_WARN_ABOUT_RETURN_TYPE = YES_ERROR;
				GCC_WARN_UNDECLARED_SELECTOR = YES;
				GCC_WARN_UNINITIALIZED_AUTOS = YES_AGGRESSIVE;
				GCC_WARN_UNUSED_FUNCTION = YES;
				GCC_WARN_UNUSED_VARIABLE = YES;
				IPHONEOS_DEPLOYMENT_TARGET = 16.4;
				MTL_ENABLE_DEBUG_INFO = NO;
				MTL_FAST_MATH = YES;
				SDKROOT = iphoneos;
				SWIFT_COMPILATION_MODE = wholemodule;
				SWIFT_OPTIMIZATION_LEVEL = "-O";
				VALIDATE_PRODUCT = YES;
			};
			name = Release;
		};
		8B9492EE2A8E235F00FF6404 /* Debug */ = {
			isa = XCBuildConfiguration;
			buildSettings = {
				ASSETCATALOG_COMPILER_APPICON_NAME = AppIcon;
				ASSETCATALOG_COMPILER_GLOBAL_ACCENT_COLOR_NAME = AccentColor;
				CODE_SIGN_STYLE = Automatic;
				CURRENT_PROJECT_VERSION = 1;
				DEVELOPMENT_TEAM = V8U96P27D9;
				GENERATE_INFOPLIST_FILE = YES;
				INFOPLIST_FILE = Nuguni/Info.plist;
				INFOPLIST_KEY_NSContactsUsageDescription = "Require Access Permission to Address. Please tap Phone Button again.";
				INFOPLIST_KEY_UIApplicationSupportsIndirectInputEvents = YES;
				INFOPLIST_KEY_UILaunchStoryboardName = LaunchScreen;
				INFOPLIST_KEY_UIMainStoryboardFile = Main;
				INFOPLIST_KEY_UISupportedInterfaceOrientations_iPad = "UIInterfaceOrientationPortrait UIInterfaceOrientationPortraitUpsideDown UIInterfaceOrientationLandscapeLeft UIInterfaceOrientationLandscapeRight";
				INFOPLIST_KEY_UISupportedInterfaceOrientations_iPhone = "UIInterfaceOrientationPortrait UIInterfaceOrientationLandscapeLeft UIInterfaceOrientationLandscapeRight";
				LD_RUNPATH_SEARCH_PATHS = (
					"$(inherited)",
					"@executable_path/Frameworks",
				);
				MARKETING_VERSION = 1.0;
				PRODUCT_BUNDLE_IDENTIFIER = com.Nuguni;
				PRODUCT_NAME = "$(TARGET_NAME)";
				SWIFT_EMIT_LOC_STRINGS = YES;
				SWIFT_VERSION = 5.0;
				TARGETED_DEVICE_FAMILY = "1,2";
			};
			name = Debug;
		};
		8B9492EF2A8E235F00FF6404 /* Release */ = {
			isa = XCBuildConfiguration;
			buildSettings = {
				ASSETCATALOG_COMPILER_APPICON_NAME = AppIcon;
				ASSETCATALOG_COMPILER_GLOBAL_ACCENT_COLOR_NAME = AccentColor;
				CODE_SIGN_STYLE = Automatic;
				CURRENT_PROJECT_VERSION = 1;
				DEVELOPMENT_TEAM = V8U96P27D9;
				GENERATE_INFOPLIST_FILE = YES;
				INFOPLIST_FILE = Nuguni/Info.plist;
				INFOPLIST_KEY_NSContactsUsageDescription = "Require Access Permission to Address. Please tap Phone Button again.";
				INFOPLIST_KEY_UIApplicationSupportsIndirectInputEvents = YES;
				INFOPLIST_KEY_UILaunchStoryboardName = LaunchScreen;
				INFOPLIST_KEY_UIMainStoryboardFile = Main;
				INFOPLIST_KEY_UISupportedInterfaceOrientations_iPad = "UIInterfaceOrientationPortrait UIInterfaceOrientationPortraitUpsideDown UIInterfaceOrientationLandscapeLeft UIInterfaceOrientationLandscapeRight";
				INFOPLIST_KEY_UISupportedInterfaceOrientations_iPhone = "UIInterfaceOrientationPortrait UIInterfaceOrientationLandscapeLeft UIInterfaceOrientationLandscapeRight";
				LD_RUNPATH_SEARCH_PATHS = (
					"$(inherited)",
					"@executable_path/Frameworks",
				);
				MARKETING_VERSION = 1.0;
				PRODUCT_BUNDLE_IDENTIFIER = com.Nuguni;
				PRODUCT_NAME = "$(TARGET_NAME)";
				SWIFT_EMIT_LOC_STRINGS = YES;
				SWIFT_VERSION = 5.0;
				TARGETED_DEVICE_FAMILY = "1,2";
			};
			name = Release;
		};
/* End XCBuildConfiguration section */

/* Begin XCConfigurationList section */
		8B9492D12A8E235E00FF6404 /* Build configuration list for PBXProject "Nuguni" */ = {
			isa = XCConfigurationList;
			buildConfigurations = (
				8B9492EB2A8E235F00FF6404 /* Debug */,
				8B9492EC2A8E235F00FF6404 /* Release */,
			);
			defaultConfigurationIsVisible = 0;
			defaultConfigurationName = Release;
		};
		8B9492ED2A8E235F00FF6404 /* Build configuration list for PBXNativeTarget "Nuguni" */ = {
			isa = XCConfigurationList;
			buildConfigurations = (
				8B9492EE2A8E235F00FF6404 /* Debug */,
				8B9492EF2A8E235F00FF6404 /* Release */,
			);
			defaultConfigurationIsVisible = 0;
			defaultConfigurationName = Release;
		};
/* End XCConfigurationList section */

/* Begin XCVersionGroup section */
		8B9492E22A8E235E00FF6404 /* Nuguni.xcdatamodeld */ = {
			isa = XCVersionGroup;
			children = (
				8B9492E32A8E235E00FF6404 /* Nuguni.xcdatamodel */,
			);
			currentVersion = 8B9492E32A8E235E00FF6404 /* Nuguni.xcdatamodel */;
			path = Nuguni.xcdatamodeld;
			sourceTree = "<group>";
			versionGroupType = wrapper.xcdatamodel;
		};
/* End XCVersionGroup section */
	};
	rootObject = 8B9492CE2A8E235E00FF6404 /* Project object */;
}
